// !$*UTF8*$!
{
	archiveVersion = 1;
	classes = {
	};
	objectVersion = 46;
	objects = {

/* Begin PBXBuildFile section */
		4B3B0FE31C72F44B00F5D8E5 /* Constants.swift in Sources */ = {isa = PBXBuildFile; fileRef = 4B3B0FE21C72F44B00F5D8E5 /* Constants.swift */; };
		4B92D1721C4AE0F600159256 /* Controller.swift in Sources */ = {isa = PBXBuildFile; fileRef = 4B92D1711C4AE0F600159256 /* Controller.swift */; };
		4B92D1741C4AE12600159256 /* Utility.swift in Sources */ = {isa = PBXBuildFile; fileRef = 4B92D1731C4AE12600159256 /* Utility.swift */; };
		4B92D1761C4AE47B00159256 /* World.swift in Sources */ = {isa = PBXBuildFile; fileRef = 4B92D1751C4AE47B00159256 /* World.swift */; };
		4BA01B031BD42DFB00DA9AD8 /* AppDelegate.swift in Sources */ = {isa = PBXBuildFile; fileRef = 4BA01B021BD42DFB00DA9AD8 /* AppDelegate.swift */; };
		4BA01B051BD42DFB00DA9AD8 /* GameScene.sks in Resources */ = {isa = PBXBuildFile; fileRef = 4BA01B041BD42DFB00DA9AD8 /* GameScene.sks */; };
		4BA01B071BD42DFB00DA9AD8 /* GameScene.swift in Sources */ = {isa = PBXBuildFile; fileRef = 4BA01B061BD42DFB00DA9AD8 /* GameScene.swift */; };
		4BA01B091BD42DFB00DA9AD8 /* GameViewController.swift in Sources */ = {isa = PBXBuildFile; fileRef = 4BA01B081BD42DFB00DA9AD8 /* GameViewController.swift */; };
		4BA01B0B1BD42DFB00DA9AD8 /* Game.xcassets in Resources */ = {isa = PBXBuildFile; fileRef = 4BA01B0A1BD42DFB00DA9AD8 /* Game.xcassets */; };
		4BA01B0E1BD42DFB00DA9AD8 /* Main.storyboard in Resources */ = {isa = PBXBuildFile; fileRef = 4BA01B0C1BD42DFB00DA9AD8 /* Main.storyboard */; };
		4BA01B101BD42DFB00DA9AD8 /* Assets.xcassets in Resources */ = {isa = PBXBuildFile; fileRef = 4BA01B0F1BD42DFB00DA9AD8 /* Assets.xcassets */; };
		4BA01B1B1BD42DFB00DA9AD8 /* platformerTests.swift in Sources */ = {isa = PBXBuildFile; fileRef = 4BA01B1A1BD42DFB00DA9AD8 /* platformerTests.swift */; };
		4BA01B261BD42DFB00DA9AD8 /* platformerUITests.swift in Sources */ = {isa = PBXBuildFile; fileRef = 4BA01B251BD42DFB00DA9AD8 /* platformerUITests.swift */; };
		4BCA2E221C604B6800D299CC /* Camera.swift in Sources */ = {isa = PBXBuildFile; fileRef = 4BCA2E211C604B6800D299CC /* Camera.swift */; };
/* End PBXBuildFile section */

/* Begin PBXContainerItemProxy section */
		4BA01B171BD42DFB00DA9AD8 /* PBXContainerItemProxy */ = {
			isa = PBXContainerItemProxy;
			containerPortal = 4BA01AF71BD42DFB00DA9AD8 /* Project object */;
			proxyType = 1;
			remoteGlobalIDString = 4BA01AFE1BD42DFB00DA9AD8;
			remoteInfo = platformer;
		};
		4BA01B221BD42DFB00DA9AD8 /* PBXContainerItemProxy */ = {
			isa = PBXContainerItemProxy;
			containerPortal = 4BA01AF71BD42DFB00DA9AD8 /* Project object */;
			proxyType = 1;
			remoteGlobalIDString = 4BA01AFE1BD42DFB00DA9AD8;
			remoteInfo = platformer;
		};
/* End PBXContainerItemProxy section */

/* Begin PBXFileReference section */
		4B3B0FE21C72F44B00F5D8E5 /* Constants.swift */ = {isa = PBXFileReference; fileEncoding = 4; lastKnownFileType = sourcecode.swift; path = Constants.swift; sourceTree = "<group>"; };
		4B92D1711C4AE0F600159256 /* Controller.swift */ = {isa = PBXFileReference; fileEncoding = 4; lastKnownFileType = sourcecode.swift; path = Controller.swift; sourceTree = "<group>"; };
		4B92D1731C4AE12600159256 /* Utility.swift */ = {isa = PBXFileReference; fileEncoding = 4; lastKnownFileType = sourcecode.swift; path = Utility.swift; sourceTree = "<group>"; };
		4B92D1751C4AE47B00159256 /* World.swift */ = {isa = PBXFileReference; fileEncoding = 4; lastKnownFileType = sourcecode.swift; path = World.swift; sourceTree = "<group>"; };
		4BA01AFF1BD42DFB00DA9AD8 /* platformer.app */ = {isa = PBXFileReference; explicitFileType = wrapper.application; includeInIndex = 0; path = platformer.app; sourceTree = BUILT_PRODUCTS_DIR; };
		4BA01B021BD42DFB00DA9AD8 /* AppDelegate.swift */ = {isa = PBXFileReference; lastKnownFileType = sourcecode.swift; path = AppDelegate.swift; sourceTree = "<group>"; };
		4BA01B041BD42DFB00DA9AD8 /* GameScene.sks */ = {isa = PBXFileReference; lastKnownFileType = file.sks; path = GameScene.sks; sourceTree = "<group>"; };
		4BA01B061BD42DFB00DA9AD8 /* GameScene.swift */ = {isa = PBXFileReference; lastKnownFileType = sourcecode.swift; path = GameScene.swift; sourceTree = "<group>"; };
		4BA01B081BD42DFB00DA9AD8 /* GameViewController.swift */ = {isa = PBXFileReference; lastKnownFileType = sourcecode.swift; path = GameViewController.swift; sourceTree = "<group>"; };
		4BA01B0A1BD42DFB00DA9AD8 /* Game.xcassets */ = {isa = PBXFileReference; lastKnownFileType = folder.assetcatalog; path = Game.xcassets; sourceTree = "<group>"; };
		4BA01B0D1BD42DFB00DA9AD8 /* Base */ = {isa = PBXFileReference; lastKnownFileType = file.storyboard; name = Base; path = Base.lproj/Main.storyboard; sourceTree = "<group>"; };
		4BA01B0F1BD42DFB00DA9AD8 /* Assets.xcassets */ = {isa = PBXFileReference; lastKnownFileType = folder.assetcatalog; path = Assets.xcassets; sourceTree = "<group>"; };
		4BA01B111BD42DFB00DA9AD8 /* Info.plist */ = {isa = PBXFileReference; lastKnownFileType = text.plist.xml; path = Info.plist; sourceTree = "<group>"; };
		4BA01B161BD42DFB00DA9AD8 /* platformerTests.xctest */ = {isa = PBXFileReference; explicitFileType = wrapper.cfbundle; includeInIndex = 0; path = platformerTests.xctest; sourceTree = BUILT_PRODUCTS_DIR; };
		4BA01B1A1BD42DFB00DA9AD8 /* platformerTests.swift */ = {isa = PBXFileReference; lastKnownFileType = sourcecode.swift; path = platformerTests.swift; sourceTree = "<group>"; };
		4BA01B1C1BD42DFB00DA9AD8 /* Info.plist */ = {isa = PBXFileReference; lastKnownFileType = text.plist.xml; path = Info.plist; sourceTree = "<group>"; };
		4BA01B211BD42DFB00DA9AD8 /* platformerUITests.xctest */ = {isa = PBXFileReference; explicitFileType = wrapper.cfbundle; includeInIndex = 0; path = platformerUITests.xctest; sourceTree = BUILT_PRODUCTS_DIR; };
		4BA01B251BD42DFB00DA9AD8 /* platformerUITests.swift */ = {isa = PBXFileReference; lastKnownFileType = sourcecode.swift; path = platformerUITests.swift; sourceTree = "<group>"; };
		4BA01B271BD42DFB00DA9AD8 /* Info.plist */ = {isa = PBXFileReference; lastKnownFileType = text.plist.xml; path = Info.plist; sourceTree = "<group>"; };
		4BCA2E211C604B6800D299CC /* Camera.swift */ = {isa = PBXFileReference; fileEncoding = 4; lastKnownFileType = sourcecode.swift; path = Camera.swift; sourceTree = "<group>"; };
/* End PBXFileReference section */

/* Begin PBXFrameworksBuildPhase section */
		4BA01AFC1BD42DFB00DA9AD8 /* Frameworks */ = {
			isa = PBXFrameworksBuildPhase;
			buildActionMask = 2147483647;
			files = (
			);
			runOnlyForDeploymentPostprocessing = 0;
		};
		4BA01B131BD42DFB00DA9AD8 /* Frameworks */ = {
			isa = PBXFrameworksBuildPhase;
			buildActionMask = 2147483647;
			files = (
			);
			runOnlyForDeploymentPostprocessing = 0;
		};
		4BA01B1E1BD42DFB00DA9AD8 /* Frameworks */ = {
			isa = PBXFrameworksBuildPhase;
			buildActionMask = 2147483647;
			files = (
			);
			runOnlyForDeploymentPostprocessing = 0;
		};
/* End PBXFrameworksBuildPhase section */

/* Begin PBXGroup section */
		4BA01AF61BD42DFB00DA9AD8 = {
			isa = PBXGroup;
			children = (
				4BA01B011BD42DFB00DA9AD8 /* platformer */,
				4BA01B191BD42DFB00DA9AD8 /* platformerTests */,
				4BA01B241BD42DFB00DA9AD8 /* platformerUITests */,
				4BA01B001BD42DFB00DA9AD8 /* Products */,
			);
			sourceTree = "<group>";
		};
		4BA01B001BD42DFB00DA9AD8 /* Products */ = {
			isa = PBXGroup;
			children = (
				4BA01AFF1BD42DFB00DA9AD8 /* platformer.app */,
				4BA01B161BD42DFB00DA9AD8 /* platformerTests.xctest */,
				4BA01B211BD42DFB00DA9AD8 /* platformerUITests.xctest */,
			);
			name = Products;
			sourceTree = "<group>";
		};
		4BA01B011BD42DFB00DA9AD8 /* platformer */ = {
			isa = PBXGroup;
			children = (
				4BA01B021BD42DFB00DA9AD8 /* AppDelegate.swift */,
				4BA01B081BD42DFB00DA9AD8 /* GameViewController.swift */,
				4BA01B041BD42DFB00DA9AD8 /* GameScene.sks */,
				4BA01B061BD42DFB00DA9AD8 /* GameScene.swift */,
				4B92D1751C4AE47B00159256 /* World.swift */,
				4B3B0FE21C72F44B00F5D8E5 /* Constants.swift */,
				4BCA2E211C604B6800D299CC /* Camera.swift */,
				4B92D1731C4AE12600159256 /* Utility.swift */,
				4B92D1711C4AE0F600159256 /* Controller.swift */,
				4BA01B0A1BD42DFB00DA9AD8 /* Game.xcassets */,
				4BA01B0C1BD42DFB00DA9AD8 /* Main.storyboard */,
				4BA01B0F1BD42DFB00DA9AD8 /* Assets.xcassets */,
				4BA01B111BD42DFB00DA9AD8 /* Info.plist */,
			);
			path = platformer;
			sourceTree = "<group>";
		};
		4BA01B191BD42DFB00DA9AD8 /* platformerTests */ = {
			isa = PBXGroup;
			children = (
				4BA01B1A1BD42DFB00DA9AD8 /* platformerTests.swift */,
				4BA01B1C1BD42DFB00DA9AD8 /* Info.plist */,
			);
			path = platformerTests;
			sourceTree = "<group>";
		};
		4BA01B241BD42DFB00DA9AD8 /* platformerUITests */ = {
			isa = PBXGroup;
			children = (
				4BA01B251BD42DFB00DA9AD8 /* platformerUITests.swift */,
				4BA01B271BD42DFB00DA9AD8 /* Info.plist */,
			);
			path = platformerUITests;
			sourceTree = "<group>";
		};
/* End PBXGroup section */

/* Begin PBXNativeTarget section */
		4BA01AFE1BD42DFB00DA9AD8 /* platformer */ = {
			isa = PBXNativeTarget;
			buildConfigurationList = 4BA01B2A1BD42DFB00DA9AD8 /* Build configuration list for PBXNativeTarget "platformer" */;
			buildPhases = (
				4BA01AFB1BD42DFB00DA9AD8 /* Sources */,
				4BA01AFC1BD42DFB00DA9AD8 /* Frameworks */,
				4BA01AFD1BD42DFB00DA9AD8 /* Resources */,
			);
			buildRules = (
			);
			dependencies = (
			);
			name = platformer;
			productName = platformer;
			productReference = 4BA01AFF1BD42DFB00DA9AD8 /* platformer.app */;
			productType = "com.apple.product-type.application";
		};
		4BA01B151BD42DFB00DA9AD8 /* platformerTests */ = {
			isa = PBXNativeTarget;
			buildConfigurationList = 4BA01B2D1BD42DFB00DA9AD8 /* Build configuration list for PBXNativeTarget "platformerTests" */;
			buildPhases = (
				4BA01B121BD42DFB00DA9AD8 /* Sources */,
				4BA01B131BD42DFB00DA9AD8 /* Frameworks */,
				4BA01B141BD42DFB00DA9AD8 /* Resources */,
			);
			buildRules = (
			);
			dependencies = (
				4BA01B181BD42DFB00DA9AD8 /* PBXTargetDependency */,
			);
			name = platformerTests;
			productName = platformerTests;
			productReference = 4BA01B161BD42DFB00DA9AD8 /* platformerTests.xctest */;
			productType = "com.apple.product-type.bundle.unit-test";
		};
		4BA01B201BD42DFB00DA9AD8 /* platformerUITests */ = {
			isa = PBXNativeTarget;
			buildConfigurationList = 4BA01B301BD42DFB00DA9AD8 /* Build configuration list for PBXNativeTarget "platformerUITests" */;
			buildPhases = (
				4BA01B1D1BD42DFB00DA9AD8 /* Sources */,
				4BA01B1E1BD42DFB00DA9AD8 /* Frameworks */,
				4BA01B1F1BD42DFB00DA9AD8 /* Resources */,
			);
			buildRules = (
			);
			dependencies = (
				4BA01B231BD42DFB00DA9AD8 /* PBXTargetDependency */,
			);
			name = platformerUITests;
			productName = platformerUITests;
			productReference = 4BA01B211BD42DFB00DA9AD8 /* platformerUITests.xctest */;
			productType = "com.apple.product-type.bundle.ui-testing";
		};
/* End PBXNativeTarget section */

/* Begin PBXProject section */
		4BA01AF71BD42DFB00DA9AD8 /* Project object */ = {
			isa = PBXProject;
			attributes = {
				LastSwiftUpdateCheck = 0710;
				LastUpgradeCheck = 0710;
				ORGANIZATIONNAME = "Christopher Williams";
				TargetAttributes = {
					4BA01AFE1BD42DFB00DA9AD8 = {
						CreatedOnToolsVersion = 7.1;
						DevelopmentTeam = L9GDAR3R36;
					};
					4BA01B151BD42DFB00DA9AD8 = {
						CreatedOnToolsVersion = 7.1;
						TestTargetID = 4BA01AFE1BD42DFB00DA9AD8;
					};
					4BA01B201BD42DFB00DA9AD8 = {
						CreatedOnToolsVersion = 7.1;
						TestTargetID = 4BA01AFE1BD42DFB00DA9AD8;
					};
				};
			};
			buildConfigurationList = 4BA01AFA1BD42DFB00DA9AD8 /* Build configuration list for PBXProject "Micronaut" */;
			compatibilityVersion = "Xcode 3.2";
			developmentRegion = English;
			hasScannedForEncodings = 0;
			knownRegions = (
				en,
				Base,
			);
			mainGroup = 4BA01AF61BD42DFB00DA9AD8;
			productRefGroup = 4BA01B001BD42DFB00DA9AD8 /* Products */;
			projectDirPath = "";
			projectRoot = "";
			targets = (
				4BA01AFE1BD42DFB00DA9AD8 /* platformer */,
				4BA01B151BD42DFB00DA9AD8 /* platformerTests */,
				4BA01B201BD42DFB00DA9AD8 /* platformerUITests */,
			);
		};
/* End PBXProject section */

/* Begin PBXResourcesBuildPhase section */
		4BA01AFD1BD42DFB00DA9AD8 /* Resources */ = {
			isa = PBXResourcesBuildPhase;
			buildActionMask = 2147483647;
			files = (
				4BA01B0E1BD42DFB00DA9AD8 /* Main.storyboard in Resources */,
				4BA01B051BD42DFB00DA9AD8 /* GameScene.sks in Resources */,
				4BA01B101BD42DFB00DA9AD8 /* Assets.xcassets in Resources */,
				4BA01B0B1BD42DFB00DA9AD8 /* Game.xcassets in Resources */,
			);
			runOnlyForDeploymentPostprocessing = 0;
		};
		4BA01B141BD42DFB00DA9AD8 /* Resources */ = {
			isa = PBXResourcesBuildPhase;
			buildActionMask = 2147483647;
			files = (
			);
			runOnlyForDeploymentPostprocessing = 0;
		};
		4BA01B1F1BD42DFB00DA9AD8 /* Resources */ = {
			isa = PBXResourcesBuildPhase;
			buildActionMask = 2147483647;
			files = (
			);
			runOnlyForDeploymentPostprocessing = 0;
		};
/* End PBXResourcesBuildPhase section */

/* Begin PBXSourcesBuildPhase section */
		4BA01AFB1BD42DFB00DA9AD8 /* Sources */ = {
			isa = PBXSourcesBuildPhase;
			buildActionMask = 2147483647;
			files = (
				4B92D1761C4AE47B00159256 /* World.swift in Sources */,
				4B92D1741C4AE12600159256 /* Utility.swift in Sources */,
				4BA01B071BD42DFB00DA9AD8 /* GameScene.swift in Sources */,
				4B92D1721C4AE0F600159256 /* Controller.swift in Sources */,
				4BA01B091BD42DFB00DA9AD8 /* GameViewController.swift in Sources */,
				4BCA2E221C604B6800D299CC /* Camera.swift in Sources */,
				4BA01B031BD42DFB00DA9AD8 /* AppDelegate.swift in Sources */,
				4B3B0FE31C72F44B00F5D8E5 /* Constants.swift in Sources */,
			);
			runOnlyForDeploymentPostprocessing = 0;
		};
		4BA01B121BD42DFB00DA9AD8 /* Sources */ = {
			isa = PBXSourcesBuildPhase;
			buildActionMask = 2147483647;
			files = (
				4BA01B1B1BD42DFB00DA9AD8 /* platformerTests.swift in Sources */,
			);
			runOnlyForDeploymentPostprocessing = 0;
		};
		4BA01B1D1BD42DFB00DA9AD8 /* Sources */ = {
			isa = PBXSourcesBuildPhase;
			buildActionMask = 2147483647;
			files = (
				4BA01B261BD42DFB00DA9AD8 /* platformerUITests.swift in Sources */,
			);
			runOnlyForDeploymentPostprocessing = 0;
		};
/* End PBXSourcesBuildPhase section */

/* Begin PBXTargetDependency section */
		4BA01B181BD42DFB00DA9AD8 /* PBXTargetDependency */ = {
			isa = PBXTargetDependency;
			target = 4BA01AFE1BD42DFB00DA9AD8 /* platformer */;
			targetProxy = 4BA01B171BD42DFB00DA9AD8 /* PBXContainerItemProxy */;
		};
		4BA01B231BD42DFB00DA9AD8 /* PBXTargetDependency */ = {
			isa = PBXTargetDependency;
			target = 4BA01AFE1BD42DFB00DA9AD8 /* platformer */;
			targetProxy = 4BA01B221BD42DFB00DA9AD8 /* PBXContainerItemProxy */;
		};
/* End PBXTargetDependency section */

/* Begin PBXVariantGroup section */
		4BA01B0C1BD42DFB00DA9AD8 /* Main.storyboard */ = {
			isa = PBXVariantGroup;
			children = (
				4BA01B0D1BD42DFB00DA9AD8 /* Base */,
			);
			name = Main.storyboard;
			sourceTree = "<group>";
		};
/* End PBXVariantGroup section */

/* Begin XCBuildConfiguration section */
		4BA01B281BD42DFB00DA9AD8 /* Debug */ = {
			isa = XCBuildConfiguration;
			buildSettings = {
				ALWAYS_SEARCH_USER_PATHS = NO;
				CLANG_CXX_LANGUAGE_STANDARD = "gnu++0x";
				CLANG_CXX_LIBRARY = "libc++";
				CLANG_ENABLE_MODULES = YES;
				CLANG_ENABLE_OBJC_ARC = YES;
				CLANG_WARN_BOOL_CONVERSION = YES;
				CLANG_WARN_CONSTANT_CONVERSION = YES;
				CLANG_WARN_DIRECT_OBJC_ISA_USAGE = YES_ERROR;
				CLANG_WARN_EMPTY_BODY = YES;
				CLANG_WARN_ENUM_CONVERSION = YES;
				CLANG_WARN_INT_CONVERSION = YES;
				CLANG_WARN_OBJC_ROOT_CLASS = YES_ERROR;
				CLANG_WARN_UNREACHABLE_CODE = YES;
				CLANG_WARN__DUPLICATE_METHOD_MATCH = YES;
				COPY_PHASE_STRIP = NO;
				DEBUG_INFORMATION_FORMAT = "dwarf-with-dsym";
				ENABLE_STRICT_OBJC_MSGSEND = YES;
				ENABLE_TESTABILITY = YES;
				GCC_C_LANGUAGE_STANDARD = gnu99;
				GCC_DYNAMIC_NO_PIC = NO;
				GCC_NO_COMMON_BLOCKS = YES;
				GCC_OPTIMIZATION_LEVEL = 0;
				GCC_PREPROCESSOR_DEFINITIONS = (
					"DEBUG=1",
					"$(inherited)",
				);
				GCC_WARN_64_TO_32_BIT_CONVERSION = YES;
				GCC_WARN_ABOUT_RETURN_TYPE = YES_ERROR;
				GCC_WARN_UNDECLARED_SELECTOR = YES;
				GCC_WARN_UNINITIALIZED_AUTOS = YES_AGGRESSIVE;
				GCC_WARN_UNUSED_FUNCTION = YES;
				GCC_WARN_UNUSED_VARIABLE = YES;
				MTL_ENABLE_DEBUG_INFO = YES;
				ONLY_ACTIVE_ARCH = YES;
				SDKROOT = appletvos;
				SWIFT_OPTIMIZATION_LEVEL = "-Onone";
				TARGETED_DEVICE_FAMILY = 3;
				TVOS_DEPLOYMENT_TARGET = 9.0;
			};
			name = Debug;
		};
		4BA01B291BD42DFB00DA9AD8 /* Release */ = {
			isa = XCBuildConfiguration;
			buildSettings = {
				ALWAYS_SEARCH_USER_PATHS = NO;
				CLANG_CXX_LANGUAGE_STANDARD = "gnu++0x";
				CLANG_CXX_LIBRARY = "libc++";
				CLANG_ENABLE_MODULES = YES;
				CLANG_ENABLE_OBJC_ARC = YES;
				CLANG_WARN_BOOL_CONVERSION = YES;
				CLANG_WARN_CONSTANT_CONVERSION = YES;
				CLANG_WARN_DIRECT_OBJC_ISA_USAGE = YES_ERROR;
				CLANG_WARN_EMPTY_BODY = YES;
				CLANG_WARN_ENUM_CONVERSION = YES;
				CLANG_WARN_INT_CONVERSION = YES;
				CLANG_WARN_OBJC_ROOT_CLASS = YES_ERROR;
				CLANG_WARN_UNREACHABLE_CODE = YES;
				CLANG_WARN__DUPLICATE_METHOD_MATCH = YES;
				COPY_PHASE_STRIP = NO;
				DEBUG_INFORMATION_FORMAT = "dwarf-with-dsym";
				ENABLE_NS_ASSERTIONS = NO;
				ENABLE_STRICT_OBJC_MSGSEND = YES;
				GCC_C_LANGUAGE_STANDARD = gnu99;
				GCC_NO_COMMON_BLOCKS = YES;
				GCC_WARN_64_TO_32_BIT_CONVERSION = YES;
				GCC_WARN_ABOUT_RETURN_TYPE = YES_ERROR;
				GCC_WARN_UNDECLARED_SELECTOR = YES;
				GCC_WARN_UNINITIALIZED_AUTOS = YES_AGGRESSIVE;
				GCC_WARN_UNUSED_FUNCTION = YES;
				GCC_WARN_UNUSED_VARIABLE = YES;
				MTL_ENABLE_DEBUG_INFO = NO;
				SDKROOT = appletvos;
				TARGETED_DEVICE_FAMILY = 3;
				TVOS_DEPLOYMENT_TARGET = 9.0;
				VALIDATE_PRODUCT = YES;
			};
			name = Release;
		};
		4BA01B2B1BD42DFB00DA9AD8 /* Debug */ = {
			isa = XCBuildConfiguration;
			buildSettings = {
				ASSETCATALOG_COMPILER_APPICON_NAME = "App Icon & Top Shelf Image";
				ASSETCATALOG_COMPILER_LAUNCHIMAGE_NAME = LaunchImage;
				CODE_SIGN_IDENTITY = "iPhone Developer";
				"CODE_SIGN_IDENTITY[sdk=appletvos*]" = "iPhone Developer";
				INFOPLIST_FILE = platformer/Info.plist;
				LD_RUNPATH_SEARCH_PATHS = "$(inherited) @executable_path/Frameworks";
				PRODUCT_BUNDLE_IDENTIFIER = me.christopherwilliams.micronaut;
				PRODUCT_NAME = "$(TARGET_NAME)";
				PROVISIONING_PROFILE = "";
				TVOS_DEPLOYMENT_TARGET = 9.0;
			};
			name = Debug;
		};
		4BA01B2C1BD42DFB00DA9AD8 /* Release */ = {
			isa = XCBuildConfiguration;
			buildSettings = {
				ASSETCATALOG_COMPILER_APPICON_NAME = "App Icon & Top Shelf Image";
				ASSETCATALOG_COMPILER_LAUNCHIMAGE_NAME = LaunchImage;
				CODE_SIGN_IDENTITY = "iPhone Developer";
				"CODE_SIGN_IDENTITY[sdk=appletvos*]" = "iPhone Developer";
				INFOPLIST_FILE = platformer/Info.plist;
				LD_RUNPATH_SEARCH_PATHS = "$(inherited) @executable_path/Frameworks";
				PRODUCT_BUNDLE_IDENTIFIER = me.christopherwilliams.micronaut;
				PRODUCT_NAME = "$(TARGET_NAME)";
				PROVISIONING_PROFILE = "";
				TVOS_DEPLOYMENT_TARGET = 9.0;
			};
			name = Release;
		};
		4BA01B2E1BD42DFB00DA9AD8 /* Debug */ = {
			isa = XCBuildConfiguration;
			buildSettings = {
				BUNDLE_LOADER = "$(TEST_HOST)";
				DEBUG_INFORMATION_FORMAT = dwarf;
				INFOPLIST_FILE = platformerTests/Info.plist;
				LD_RUNPATH_SEARCH_PATHS = "$(inherited) @executable_path/Frameworks @loader_path/Frameworks";
				PRODUCT_BUNDLE_IDENTIFIER = me.christopherwilliams.platformerTests;
				PRODUCT_NAME = "$(TARGET_NAME)";
				TEST_HOST = "$(BUILT_PRODUCTS_DIR)/platformer.app/platformer";
			};
			name = Debug;
		};
		4BA01B2F1BD42DFB00DA9AD8 /* Release */ = {
			isa = XCBuildConfiguration;
			buildSettings = {
				BUNDLE_LOADER = "$(TEST_HOST)";
				INFOPLIST_FILE = platformerTests/Info.plist;
				LD_RUNPATH_SEARCH_PATHS = "$(inherited) @executable_path/Frameworks @loader_path/Frameworks";
				PRODUCT_BUNDLE_IDENTIFIER = me.christopherwilliams.platformerTests;
				PRODUCT_NAME = "$(TARGET_NAME)";
				TEST_HOST = "$(BUILT_PRODUCTS_DIR)/platformer.app/platformer";
			};
			name = Release;
		};
		4BA01B311BD42DFB00DA9AD8 /* Debug */ = {
			isa = XCBuildConfiguration;
			buildSettings = {
				DEBUG_INFORMATION_FORMAT = dwarf;
				INFOPLIST_FILE = platformerUITests/Info.plist;
				LD_RUNPATH_SEARCH_PATHS = "$(inherited) @executable_path/Frameworks @loader_path/Frameworks";
				PRODUCT_BUNDLE_IDENTIFIER = me.christopherwilliams.platformerUITests;
				PRODUCT_NAME = "$(TARGET_NAME)";
				TEST_TARGET_NAME = platformer;
				USES_XCTRUNNER = YES;
			};
			name = Debug;
		};
		4BA01B321BD42DFB00DA9AD8 /* Release */ = {
			isa = XCBuildConfiguration;
			buildSettings = {
				INFOPLIST_FILE = platformerUITests/Info.plist;
				LD_RUNPATH_SEARCH_PATHS = "$(inherited) @executable_path/Frameworks @loader_path/Frameworks";
				PRODUCT_BUNDLE_IDENTIFIER = me.christopherwilliams.platformerUITests;
				PRODUCT_NAME = "$(TARGET_NAME)";
				TEST_TARGET_NAME = platformer;
				USES_XCTRUNNER = YES;
			};
			name = Release;
		};
/* End XCBuildConfiguration section */

/* Begin XCConfigurationList section */
		4BA01AFA1BD42DFB00DA9AD8 /* Build configuration list for PBXProject "Micronaut" */ = {
			isa = XCConfigurationList;
			buildConfigurations = (
				4BA01B281BD42DFB00DA9AD8 /* Debug */,
				4BA01B291BD42DFB00DA9AD8 /* Release */,
			);
			defaultConfigurationIsVisible = 0;
			defaultConfigurationName = Release;
		};
		4BA01B2A1BD42DFB00DA9AD8 /* Build configuration list for PBXNativeTarget "platformer" */ = {
			isa = XCConfigurationList;
			buildConfigurations = (
				4BA01B2B1BD42DFB00DA9AD8 /* Debug */,
				4BA01B2C1BD42DFB00DA9AD8 /* Release */,
			);
			defaultConfigurationIsVisible = 0;
			defaultConfigurationName = Release;
		};
		4BA01B2D1BD42DFB00DA9AD8 /* Build configuration list for PBXNativeTarget "platformerTests" */ = {
			isa = XCConfigurationList;
			buildConfigurations = (
				4BA01B2E1BD42DFB00DA9AD8 /* Debug */,
				4BA01B2F1BD42DFB00DA9AD8 /* Release */,
			);
			defaultConfigurationIsVisible = 0;
			defaultConfigurationName = Release;
		};
		4BA01B301BD42DFB00DA9AD8 /* Build configuration list for PBXNativeTarget "platformerUITests" */ = {
			isa = XCConfigurationList;
			buildConfigurations = (
				4BA01B311BD42DFB00DA9AD8 /* Debug */,
				4BA01B321BD42DFB00DA9AD8 /* Release */,
			);
			defaultConfigurationIsVisible = 0;
			defaultConfigurationName = Release;
		};
/* End XCConfigurationList section */
	};
	rootObject = 4BA01AF71BD42DFB00DA9AD8 /* Project object */;
}
